
Microsoft Visual Studio Solution File, Format Version 12.00
# Visual Studio Version 16
VisualStudioVersion = 16.0.30907.101
MinimumVisualStudioVersion = 10.0.40219.1
Project("{FAE04EC0-301F-11D3-BF4B-00C04F79EFBC}") = "SvenskVardepappersservice.Core", "SvenskVardepappersservice.Core\SvenskVardepappersservice.Core.csproj", "{7BBC124B-EC04-451C-AFF8-92D125A9017E}"
EndProject
Project("{FAE04EC0-301F-11D3-BF4B-00C04F79EFBC}") = "SvenskVardepappersservice.Web", "SvenskVardepappersservice.Web\SvenskVardepappersservice.Web.csproj", "{B79F6CD1-32A6-4E54-B227-556E6BAC12B9}"
EndProject
Project("{FAE04EC0-301F-11D3-BF4B-00C04F79EFBC}") = "Umbraco.Web.PublishedModels", "Umbraco.Web.PublishedModels\Umbraco.Web.PublishedModels.csproj", "{E8C03BD7-F6F1-4F15-AEC3-C9988F8DA67A}"
EndProject
Global
	GlobalSection(SolutionConfigurationPlatforms) = preSolution
		Debug|Any CPU = Debug|Any CPU
		Release|Any CPU = Release|Any CPU
	EndGlobalSection
	GlobalSection(ProjectConfigurationPlatforms) = postSolution
		{7BBC124B-EC04-451C-AFF8-92D125A9017E}.Debug|Any CPU.ActiveCfg = Debug|Any CPU
		{7BBC124B-EC04-451C-AFF8-92D125A9017E}.Debug|Any CPU.Build.0 = Debug|Any CPU
		{7BBC124B-EC04-451C-AFF8-92D125A9017E}.Release|Any CPU.ActiveCfg = Release|Any CPU
		{7BBC124B-EC04-451C-AFF8-92D125A9017E}.Release|Any CPU.Build.0 = Release|Any CPU
		{B79F6CD1-32A6-4E54-B227-556E6BAC12B9}.Debug|Any CPU.ActiveCfg = Debug|Any CPU
		{B79F6CD1-32A6-4E54-B227-556E6BAC12B9}.Debug|Any CPU.Build.0 = Debug|Any CPU
		{B79F6CD1-32A6-4E54-B227-556E6BAC12B9}.Release|Any CPU.ActiveCfg = Release|Any CPU
		{B79F6CD1-32A6-4E54-B227-556E6BAC12B9}.Release|Any CPU.Build.0 = Release|Any CPU
		{E8C03BD7-F6F1-4F15-AEC3-C9988F8DA67A}.Debug|Any CPU.ActiveCfg = Debug|Any CPU
		{E8C03BD7-F6F1-4F15-AEC3-C9988F8DA67A}.Debug|Any CPU.Build.0 = Debug|Any CPU
		{E8C03BD7-F6F1-4F15-AEC3-C9988F8DA67A}.Release|Any CPU.ActiveCfg = Release|Any CPU
		{E8C03BD7-F6F1-4F15-AEC3-C9988F8DA67A}.Release|Any CPU.Build.0 = Release|Any CPU
	EndGlobalSection
	GlobalSection(SolutionProperties) = preSolution
		HideSolutionNode = FALSE
	EndGlobalSection
	GlobalSection(ExtensibilityGlobals) = postSolution
		SolutionGuid = {369440AE-C5AA-4588-83D9-4F5D4B5BCB87}
	EndGlobalSection
EndGlobal
